// !$*UTF8*$!
{
	archiveVersion = 1;
	classes = {
	};
	objectVersion = 51;
	objects = {

/* Begin PBXBuildFile section */
		921990A22549875A000CB2C3 /* AppDelegate.swift in Sources */ = {isa = PBXBuildFile; fileRef = 921990A12549875A000CB2C3 /* AppDelegate.swift */; };
		921990A42549875A000CB2C3 /* SceneDelegate.swift in Sources */ = {isa = PBXBuildFile; fileRef = 921990A32549875A000CB2C3 /* SceneDelegate.swift */; };
		921990A92549875A000CB2C3 /* Main.storyboard in Resources */ = {isa = PBXBuildFile; fileRef = 921990A72549875A000CB2C3 /* Main.storyboard */; };
		921990AB2549875C000CB2C3 /* Assets.xcassets in Resources */ = {isa = PBXBuildFile; fileRef = 921990AA2549875C000CB2C3 /* Assets.xcassets */; };
		921990AE2549875C000CB2C3 /* LaunchScreen.storyboard in Resources */ = {isa = PBXBuildFile; fileRef = 921990AC2549875C000CB2C3 /* LaunchScreen.storyboard */; };
		9270C9A2257BEA3300C72A49 /* PostInfoViewController.swift in Sources */ = {isa = PBXBuildFile; fileRef = 9270C9A1257BEA3300C72A49 /* PostInfoViewController.swift */; };
		92C88F0E258DC14500F95432 /* PostListCell.swift in Sources */ = {isa = PBXBuildFile; fileRef = 92C88F0D258DC14500F95432 /* PostListCell.swift */; };
		92C88F15258DC33000F95432 /* PostListModel.swift in Sources */ = {isa = PBXBuildFile; fileRef = 92C88F14258DC33000F95432 /* PostListModel.swift */; };
		92C95A06257A1E9C00490A8D /* PostListTableViewController.swift in Sources */ = {isa = PBXBuildFile; fileRef = 92C95A05257A1E9C00490A8D /* PostListTableViewController.swift */; };
		EB756C9E11FE4CE7326AE621 /* Pods_DeliveryTracker.framework in Frameworks */ = {isa = PBXBuildFile; fileRef = 14BFC68801CD4977175E74D3 /* Pods_DeliveryTracker.framework */; };
/* End PBXBuildFile section */

/* Begin PBXFileReference section */
		14BFC68801CD4977175E74D3 /* Pods_DeliveryTracker.framework */ = {isa = PBXFileReference; explicitFileType = wrapper.framework; includeInIndex = 0; path = Pods_DeliveryTracker.framework; sourceTree = BUILT_PRODUCTS_DIR; };
		9219909E2549875A000CB2C3 /* DeliveryTracker.app */ = {isa = PBXFileReference; explicitFileType = wrapper.application; includeInIndex = 0; path = DeliveryTracker.app; sourceTree = BUILT_PRODUCTS_DIR; };
		921990A12549875A000CB2C3 /* AppDelegate.swift */ = {isa = PBXFileReference; lastKnownFileType = sourcecode.swift; path = AppDelegate.swift; sourceTree = "<group>"; };
		921990A32549875A000CB2C3 /* SceneDelegate.swift */ = {isa = PBXFileReference; lastKnownFileType = sourcecode.swift; path = SceneDelegate.swift; sourceTree = "<group>"; };
		921990A82549875A000CB2C3 /* Base */ = {isa = PBXFileReference; lastKnownFileType = file.storyboard; name = Base; path = Base.lproj/Main.storyboard; sourceTree = "<group>"; };
		921990AA2549875C000CB2C3 /* Assets.xcassets */ = {isa = PBXFileReference; lastKnownFileType = folder.assetcatalog; path = Assets.xcassets; sourceTree = "<group>"; };
		921990AD2549875C000CB2C3 /* Base */ = {isa = PBXFileReference; lastKnownFileType = file.storyboard; name = Base; path = Base.lproj/LaunchScreen.storyboard; sourceTree = "<group>"; };
		921990AF2549875C000CB2C3 /* Info.plist */ = {isa = PBXFileReference; lastKnownFileType = text.plist.xml; path = Info.plist; sourceTree = "<group>"; };
		9270C9A1257BEA3300C72A49 /* PostInfoViewController.swift */ = {isa = PBXFileReference; lastKnownFileType = sourcecode.swift; path = PostInfoViewController.swift; sourceTree = "<group>"; };
		92C88F0D258DC14500F95432 /* PostListCell.swift */ = {isa = PBXFileReference; lastKnownFileType = sourcecode.swift; path = PostListCell.swift; sourceTree = "<group>"; };
		92C88F14258DC33000F95432 /* PostListModel.swift */ = {isa = PBXFileReference; lastKnownFileType = sourcecode.swift; path = PostListModel.swift; sourceTree = "<group>"; };
		92C95A05257A1E9C00490A8D /* PostListTableViewController.swift */ = {isa = PBXFileReference; lastKnownFileType = sourcecode.swift; path = PostListTableViewController.swift; sourceTree = "<group>"; };
		B540363772EC842CF807FBAF /* Pods-DeliveryTracker.debug.xcconfig */ = {isa = PBXFileReference; includeInIndex = 1; lastKnownFileType = text.xcconfig; name = "Pods-DeliveryTracker.debug.xcconfig"; path = "Target Support Files/Pods-DeliveryTracker/Pods-DeliveryTracker.debug.xcconfig"; sourceTree = "<group>"; };
		E0E7A0E7F44E868CE02F40C2 /* Pods-DeliveryTracker.release.xcconfig */ = {isa = PBXFileReference; includeInIndex = 1; lastKnownFileType = text.xcconfig; name = "Pods-DeliveryTracker.release.xcconfig"; path = "Target Support Files/Pods-DeliveryTracker/Pods-DeliveryTracker.release.xcconfig"; sourceTree = "<group>"; };
/* End PBXFileReference section */

/* Begin PBXFrameworksBuildPhase section */
		9219909B2549875A000CB2C3 /* Frameworks */ = {
			isa = PBXFrameworksBuildPhase;
			buildActionMask = 2147483647;
			files = (
				EB756C9E11FE4CE7326AE621 /* Pods_DeliveryTracker.framework in Frameworks */,
			);
			runOnlyForDeploymentPostprocessing = 0;
		};
/* End PBXFrameworksBuildPhase section */

/* Begin PBXGroup section */
		8F2E65F2CD587E07E1486383 /* Pods */ = {
			isa = PBXGroup;
			children = (
				B540363772EC842CF807FBAF /* Pods-DeliveryTracker.debug.xcconfig */,
				E0E7A0E7F44E868CE02F40C2 /* Pods-DeliveryTracker.release.xcconfig */,
			);
			path = Pods;
			sourceTree = "<group>";
		};
		921990952549875A000CB2C3 = {
			isa = PBXGroup;
			children = (
				921990A02549875A000CB2C3 /* DeliveryTracker */,
				9219909F2549875A000CB2C3 /* Products */,
				8F2E65F2CD587E07E1486383 /* Pods */,
				A2F008503E8EE69C4ED34181 /* Frameworks */,
			);
			sourceTree = "<group>";
		};
		9219909F2549875A000CB2C3 /* Products */ = {
			isa = PBXGroup;
			children = (
				9219909E2549875A000CB2C3 /* DeliveryTracker.app */,
			);
			name = Products;
			sourceTree = "<group>";
		};
		921990A02549875A000CB2C3 /* DeliveryTracker */ = {
			isa = PBXGroup;
			children = (
				921990AF2549875C000CB2C3 /* Info.plist */,
				92C88EFE258DB37000F95432 /* Resources */,
				92C88F0A258DB42D00F95432 /* Assets */,
				92C88F0C258DB47C00F95432 /* PostList */,
				9270C9A1257BEA3300C72A49 /* PostInfoViewController.swift */,
			);
			path = DeliveryTracker;
			sourceTree = "<group>";
		};
		92C88EFE258DB37000F95432 /* Resources */ = {
			isa = PBXGroup;
			children = (
				921990A12549875A000CB2C3 /* AppDelegate.swift */,
				921990A32549875A000CB2C3 /* SceneDelegate.swift */,
			);
			path = Resources;
			sourceTree = "<group>";
		};
		92C88F0A258DB42D00F95432 /* Assets */ = {
			isa = PBXGroup;
			children = (
				921990A72549875A000CB2C3 /* Main.storyboard */,
				921990AC2549875C000CB2C3 /* LaunchScreen.storyboard */,
				921990AA2549875C000CB2C3 /* Assets.xcassets */,
			);
			path = Assets;
			sourceTree = "<group>";
		};
		92C88F0C258DB47C00F95432 /* PostList */ = {
			isa = PBXGroup;
			children = (
				92C95A05257A1E9C00490A8D /* PostListTableViewController.swift */,
				92C88F14258DC33000F95432 /* PostListModel.swift */,
				92C88F0D258DC14500F95432 /* PostListCell.swift */,
			);
			path = PostList;
			sourceTree = "<group>";
		};
		A2F008503E8EE69C4ED34181 /* Frameworks */ = {
			isa = PBXGroup;
			children = (
				14BFC68801CD4977175E74D3 /* Pods_DeliveryTracker.framework */,
			);
			name = Frameworks;
			sourceTree = "<group>";
		};
/* End PBXGroup section */

/* Begin PBXNativeTarget section */
		9219909D2549875A000CB2C3 /* DeliveryTracker */ = {
			isa = PBXNativeTarget;
			buildConfigurationList = 921990B22549875C000CB2C3 /* Build configuration list for PBXNativeTarget "DeliveryTracker" */;
			buildPhases = (
				AC45E62A96E98DE7695F3B1D /* [CP] Check Pods Manifest.lock */,
				9219909A2549875A000CB2C3 /* Sources */,
				9219909B2549875A000CB2C3 /* Frameworks */,
				9219909C2549875A000CB2C3 /* Resources */,
				2D623A77CB54529C56CB7A77 /* [CP] Embed Pods Frameworks */,
			);
			buildRules = (
			);
			dependencies = (
			);
			name = DeliveryTracker;
			productName = DeliveryTracker;
			productReference = 9219909E2549875A000CB2C3 /* DeliveryTracker.app */;
			productType = "com.apple.product-type.application";
		};
/* End PBXNativeTarget section */

/* Begin PBXProject section */
		921990962549875A000CB2C3 /* Project object */ = {
			isa = PBXProject;
			attributes = {
				LastSwiftUpdateCheck = 1210;
				LastUpgradeCheck = 1210;
				TargetAttributes = {
					9219909D2549875A000CB2C3 = {
						CreatedOnToolsVersion = 12.1;
					};
				};
			};
			buildConfigurationList = 921990992549875A000CB2C3 /* Build configuration list for PBXProject "DeliveryTracker" */;
			compatibilityVersion = "Xcode 9.3";
			developmentRegion = en;
			hasScannedForEncodings = 0;
			knownRegions = (
				en,
				Base,
			);
			mainGroup = 921990952549875A000CB2C3;
			productRefGroup = 9219909F2549875A000CB2C3 /* Products */;
			projectDirPath = "";
			projectRoot = "";
			targets = (
				9219909D2549875A000CB2C3 /* DeliveryTracker */,
			);
		};
/* End PBXProject section */

/* Begin PBXResourcesBuildPhase section */
		9219909C2549875A000CB2C3 /* Resources */ = {
			isa = PBXResourcesBuildPhase;
			buildActionMask = 2147483647;
			files = (
				921990AE2549875C000CB2C3 /* LaunchScreen.storyboard in Resources */,
				921990AB2549875C000CB2C3 /* Assets.xcassets in Resources */,
				921990A92549875A000CB2C3 /* Main.storyboard in Resources */,
			);
			runOnlyForDeploymentPostprocessing = 0;
		};
/* End PBXResourcesBuildPhase section */

/* Begin PBXShellScriptBuildPhase section */
		2D623A77CB54529C56CB7A77 /* [CP] Embed Pods Frameworks */ = {
			isa = PBXShellScriptBuildPhase;
			buildActionMask = 2147483647;
			files = (
			);
			inputFileListPaths = (
				"${PODS_ROOT}/Target Support Files/Pods-DeliveryTracker/Pods-DeliveryTracker-frameworks-${CONFIGURATION}-input-files.xcfilelist",
			);
			name = "[CP] Embed Pods Frameworks";
			outputFileListPaths = (
				"${PODS_ROOT}/Target Support Files/Pods-DeliveryTracker/Pods-DeliveryTracker-frameworks-${CONFIGURATION}-output-files.xcfilelist",
			);
			runOnlyForDeploymentPostprocessing = 0;
			shellPath = /bin/sh;
			shellScript = "\"${PODS_ROOT}/Target Support Files/Pods-DeliveryTracker/Pods-DeliveryTracker-frameworks.sh\"\n";
			showEnvVarsInLog = 0;
		};
		AC45E62A96E98DE7695F3B1D /* [CP] Check Pods Manifest.lock */ = {
			isa = PBXShellScriptBuildPhase;
			buildActionMask = 2147483647;
			files = (
			);
			inputFileListPaths = (
			);
			inputPaths = (
				"${PODS_PODFILE_DIR_PATH}/Podfile.lock",
				"${PODS_ROOT}/Manifest.lock",
			);
			name = "[CP] Check Pods Manifest.lock";
			outputFileListPaths = (
			);
			outputPaths = (
				"$(DERIVED_FILE_DIR)/Pods-DeliveryTracker-checkManifestLockResult.txt",
			);
			runOnlyForDeploymentPostprocessing = 0;
			shellPath = /bin/sh;
			shellScript = "diff \"${PODS_PODFILE_DIR_PATH}/Podfile.lock\" \"${PODS_ROOT}/Manifest.lock\" > /dev/null\nif [ $? != 0 ] ; then\n    # print error to STDERR\n    echo \"error: The sandbox is not in sync with the Podfile.lock. Run 'pod install' or update your CocoaPods installation.\" >&2\n    exit 1\nfi\n# This output is used by Xcode 'outputs' to avoid re-running this script phase.\necho \"SUCCESS\" > \"${SCRIPT_OUTPUT_FILE_0}\"\n";
			showEnvVarsInLog = 0;
		};
/* End PBXShellScriptBuildPhase section */

/* Begin PBXSourcesBuildPhase section */
		9219909A2549875A000CB2C3 /* Sources */ = {
			isa = PBXSourcesBuildPhase;
			buildActionMask = 2147483647;
			files = (
				9270C9A2257BEA3300C72A49 /* PostInfoViewController.swift in Sources */,
				92C95A06257A1E9C00490A8D /* PostListTableViewController.swift in Sources */,
				921990A22549875A000CB2C3 /* AppDelegate.swift in Sources */,
				92C88F0E258DC14500F95432 /* PostListCell.swift in Sources */,
				921990A42549875A000CB2C3 /* SceneDelegate.swift in Sources */,
				92C88F15258DC33000F95432 /* PostListModel.swift in Sources */,
			);
			runOnlyForDeploymentPostprocessing = 0;
		};
/* End PBXSourcesBuildPhase section */

/* Begin PBXVariantGroup section */
		921990A72549875A000CB2C3 /* Main.storyboard */ = {
			isa = PBXVariantGroup;
			children = (
				921990A82549875A000CB2C3 /* Base */,
			);
			name = Main.storyboard;
			sourceTree = "<group>";
		};
		921990AC2549875C000CB2C3 /* LaunchScreen.storyboard */ = {
			isa = PBXVariantGroup;
			children = (
				921990AD2549875C000CB2C3 /* Base */,
			);
			name = LaunchScreen.storyboard;
			sourceTree = "<group>";
		};
/* End PBXVariantGroup section */

/* Begin XCBuildConfiguration section */
		921990B02549875C000CB2C3 /* Debug */ = {
			isa = XCBuildConfiguration;
			buildSettings = {
				ALWAYS_SEARCH_USER_PATHS = NO;
				CLANG_ANALYZER_NONNULL = YES;
				CLANG_ANALYZER_NUMBER_OBJECT_CONVERSION = YES_AGGRESSIVE;
				CLANG_CXX_LANGUAGE_STANDARD = "gnu++14";
				CLANG_CXX_LIBRARY = "libc++";
				CLANG_ENABLE_MODULES = YES;
				CLANG_ENABLE_OBJC_ARC = YES;
				CLANG_ENABLE_OBJC_WEAK = YES;
				CLANG_WARN_BLOCK_CAPTURE_AUTORELEASING = YES;
				CLANG_WARN_BOOL_CONVERSION = YES;
				CLANG_WARN_COMMA = YES;
				CLANG_WARN_CONSTANT_CONVERSION = YES;
				CLANG_WARN_DEPRECATED_OBJC_IMPLEMENTATIONS = YES;
				CLANG_WARN_DIRECT_OBJC_ISA_USAGE = YES_ERROR;
				CLANG_WARN_DOCUMENTATION_COMMENTS = YES;
				CLANG_WARN_EMPTY_BODY = YES;
				CLANG_WARN_ENUM_CONVERSION = YES;
				CLANG_WARN_INFINITE_RECURSION = YES;
				CLANG_WARN_INT_CONVERSION = YES;
				CLANG_WARN_NON_LITERAL_NULL_CONVERSION = YES;
				CLANG_WARN_OBJC_IMPLICIT_RETAIN_SELF = YES;
				CLANG_WARN_OBJC_LITERAL_CONVERSION = YES;
				CLANG_WARN_OBJC_ROOT_CLASS = YES_ERROR;
				CLANG_WARN_QUOTED_INCLUDE_IN_FRAMEWORK_HEADER = YES;
				CLANG_WARN_RANGE_LOOP_ANALYSIS = YES;
				CLANG_WARN_STRICT_PROTOTYPES = YES;
				CLANG_WARN_SUSPICIOUS_MOVE = YES;
				CLANG_WARN_UNGUARDED_AVAILABILITY = YES_AGGRESSIVE;
				CLANG_WARN_UNREACHABLE_CODE = YES;
				CLANG_WARN__DUPLICATE_METHOD_MATCH = YES;
				COPY_PHASE_STRIP = NO;
				DEBUG_INFORMATION_FORMAT = dwarf;
				ENABLE_STRICT_OBJC_MSGSEND = YES;
				ENABLE_TESTABILITY = YES;
				GCC_C_LANGUAGE_STANDARD = gnu11;
				GCC_DYNAMIC_NO_PIC = NO;
				GCC_NO_COMMON_BLOCKS = YES;
				GCC_OPTIMIZATION_LEVEL = 0;
				GCC_PREPROCESSOR_DEFINITIONS = (
					"DEBUG=1",
					"$(inherited)",
				);
				GCC_WARN_64_TO_32_BIT_CONVERSION = YES;
				GCC_WARN_ABOUT_RETURN_TYPE = YES_ERROR;
				GCC_WARN_UNDECLARED_SELECTOR = YES;
				GCC_WARN_UNINITIALIZED_AUTOS = YES_AGGRESSIVE;
				GCC_WARN_UNUSED_FUNCTION = YES;
				GCC_WARN_UNUSED_VARIABLE = YES;
				IPHONEOS_DEPLOYMENT_TARGET = 14.1;
				MTL_ENABLE_DEBUG_INFO = INCLUDE_SOURCE;
				MTL_FAST_MATH = YES;
				ONLY_ACTIVE_ARCH = YES;
				SDKROOT = iphoneos;
				SWIFT_ACTIVE_COMPILATION_CONDITIONS = DEBUG;
				SWIFT_OPTIMIZATION_LEVEL = "-Onone";
			};
			name = Debug;
		};
		921990B12549875C000CB2C3 /* Release */ = {
			isa = XCBuildConfiguration;
			buildSettings = {
				ALWAYS_SEARCH_USER_PATHS = NO;
				CLANG_ANALYZER_NONNULL = YES;
				CLANG_ANALYZER_NUMBER_OBJECT_CONVERSION = YES_AGGRESSIVE;
				CLANG_CXX_LANGUAGE_STANDARD = "gnu++14";
				CLANG_CXX_LIBRARY = "libc++";
				CLANG_ENABLE_MODULES = YES;
				CLANG_ENABLE_OBJC_ARC = YES;
				CLANG_ENABLE_OBJC_WEAK = YES;
				CLANG_WARN_BLOCK_CAPTURE_AUTORELEASING = YES;
				CLANG_WARN_BOOL_CONVERSION = YES;
				CLANG_WARN_COMMA = YES;
				CLANG_WARN_CONSTANT_CONVERSION = YES;
				CLANG_WARN_DEPRECATED_OBJC_IMPLEMENTATIONS = YES;
				CLANG_WARN_DIRECT_OBJC_ISA_USAGE = YES_ERROR;
				CLANG_WARN_DOCUMENTATION_COMMENTS = YES;
				CLANG_WARN_EMPTY_BODY = YES;
				CLANG_WARN_ENUM_CONVERSION = YES;
				CLANG_WARN_INFINITE_RECURSION = YES;
				CLANG_WARN_INT_CONVERSION = YES;
				CLANG_WARN_NON_LITERAL_NULL_CONVERSION = YES;
				CLANG_WARN_OBJC_IMPLICIT_RETAIN_SELF = YES;
				CLANG_WARN_OBJC_LITERAL_CONVERSION = YES;
				CLANG_WARN_OBJC_ROOT_CLASS = YES_ERROR;
				CLANG_WARN_QUOTED_INCLUDE_IN_FRAMEWORK_HEADER = YES;
				CLANG_WARN_RANGE_LOOP_ANALYSIS = YES;
				CLANG_WARN_STRICT_PROTOTYPES = YES;
				CLANG_WARN_SUSPICIOUS_MOVE = YES;
				CLANG_WARN_UNGUARDED_AVAILABILITY = YES_AGGRESSIVE;
				CLANG_WARN_UNREACHABLE_CODE = YES;
				CLANG_WARN__DUPLICATE_METHOD_MATCH = YES;
				COPY_PHASE_STRIP = NO;
				DEBUG_INFORMATION_FORMAT = "dwarf-with-dsym";
				ENABLE_NS_ASSERTIONS = NO;
				ENABLE_STRICT_OBJC_MSGSEND = YES;
				GCC_C_LANGUAGE_STANDARD = gnu11;
				GCC_NO_COMMON_BLOCKS = YES;
				GCC_WARN_64_TO_32_BIT_CONVERSION = YES;
				GCC_WARN_ABOUT_RETURN_TYPE = YES_ERROR;
				GCC_WARN_UNDECLARED_SELECTOR = YES;
				GCC_WARN_UNINITIALIZED_AUTOS = YES_AGGRESSIVE;
				GCC_WARN_UNUSED_FUNCTION = YES;
				GCC_WARN_UNUSED_VARIABLE = YES;
				IPHONEOS_DEPLOYMENT_TARGET = 14.1;
				MTL_ENABLE_DEBUG_INFO = NO;
				MTL_FAST_MATH = YES;
				SDKROOT = iphoneos;
				SWIFT_COMPILATION_MODE = wholemodule;
				SWIFT_OPTIMIZATION_LEVEL = "-O";
				VALIDATE_PRODUCT = YES;
			};
			name = Release;
		};
		921990B32549875C000CB2C3 /* Debug */ = {
			isa = XCBuildConfiguration;
			baseConfigurationReference = B540363772EC842CF807FBAF /* Pods-DeliveryTracker.debug.xcconfig */;
			buildSettings = {
				ASSETCATALOG_COMPILER_APPICON_NAME = AppIcon;
				ASSETCATALOG_COMPILER_GLOBAL_ACCENT_COLOR_NAME = AccentColor;
				CODE_SIGN_STYLE = Automatic;
				DEVELOPMENT_TEAM = P5QSBGBP3C;
				INFOPLIST_FILE = DeliveryTracker/Info.plist;
				LD_RUNPATH_SEARCH_PATHS = (
					"$(inherited)",
					"@executable_path/Frameworks",
				);
				PRODUCT_BUNDLE_IDENTIFIER = com.kimxwan.DeliveryTracker;
				PRODUCT_NAME = "$(TARGET_NAME)";
				SWIFT_VERSION = 5.0;
				TARGETED_DEVICE_FAMILY = "1,2";
			};
			name = Debug;
		};
		921990B42549875C000CB2C3 /* Release */ = {
			isa = XCBuildConfiguration;
			baseConfigurationReference = E0E7A0E7F44E868CE02F40C2 /* Pods-DeliveryTracker.release.xcconfig */;
			buildSettings = {
				ASSETCATALOG_COMPILER_APPICON_NAME = AppIcon;
				ASSETCATALOG_COMPILER_GLOBAL_ACCENT_COLOR_NAME = AccentColor;
				CODE_SIGN_STYLE = Automatic;
				DEVELOPMENT_TEAM = P5QSBGBP3C;
				INFOPLIST_FILE = DeliveryTracker/Info.plist;
				LD_RUNPATH_SEARCH_PATHS = (
					"$(inherited)",
					"@executable_path/Frameworks",
				);
				PRODUCT_BUNDLE_IDENTIFIER = com.kimxwan.DeliveryTracker;
				PRODUCT_NAME = "$(TARGET_NAME)";
				SWIFT_VERSION = 5.0;
				TARGETED_DEVICE_FAMILY = "1,2";
			};
			name = Release;
		};
/* End XCBuildConfiguration section */

/* Begin XCConfigurationList section */
		921990992549875A000CB2C3 /* Build configuration list for PBXProject "DeliveryTracker" */ = {
			isa = XCConfigurationList;
			buildConfigurations = (
				921990B02549875C000CB2C3 /* Debug */,
				921990B12549875C000CB2C3 /* Release */,
			);
			defaultConfigurationIsVisible = 0;
			defaultConfigurationName = Release;
		};
		921990B22549875C000CB2C3 /* Build configuration list for PBXNativeTarget "DeliveryTracker" */ = {
			isa = XCConfigurationList;
			buildConfigurations = (
				921990B32549875C000CB2C3 /* Debug */,
				921990B42549875C000CB2C3 /* Release */,
			);
			defaultConfigurationIsVisible = 0;
			defaultConfigurationName = Release;
		};
/* End XCConfigurationList section */
	};
	rootObject = 921990962549875A000CB2C3 /* Project object */;
}
